
Microsoft Visual Studio Solution File, Format Version 12.00
# Visual Studio 15
VisualStudioVersion = 15.0.27130.2027
MinimumVisualStudioVersion = 10.0.40219.1
Project("{FAE04EC0-301F-11D3-BF4B-00C04F79EFBC}") = "P02_DatabaseFirst", "EntityFrameworkDemo\P02_DatabaseFirst.csproj", "{FBCD0D1D-D158-4C02-B6FD-13E4AE72FB97}"
EndProject
Project("{FAE04EC0-301F-11D3-BF4B-00C04F79EFBC}") = "EntityFrameworkIntroduction", "EntityFrameworkIntroduction\EntityFrameworkIntroduction.csproj", "{817F20F6-D191-419E-8C74-68BA9AB41AFF}"
EndProject
Project("{FAE04EC0-301F-11D3-BF4B-00C04F79EFBC}") = "AddressByTown", "AddressByTown\AddressByTown.csproj", "{4C8C85DE-35C8-4681-8190-04434ED3E351}"
EndProject
Global
	GlobalSection(SolutionConfigurationPlatforms) = preSolution
		Debug|Any CPU = Debug|Any CPU
		Release|Any CPU = Release|Any CPU
	EndGlobalSection
	GlobalSection(ProjectConfigurationPlatforms) = postSolution
		{FBCD0D1D-D158-4C02-B6FD-13E4AE72FB97}.Debug|Any CPU.ActiveCfg = Debug|Any CPU
		{FBCD0D1D-D158-4C02-B6FD-13E4AE72FB97}.Debug|Any CPU.Build.0 = Debug|Any CPU
		{FBCD0D1D-D158-4C02-B6FD-13E4AE72FB97}.Release|Any CPU.ActiveCfg = Release|Any CPU
		{FBCD0D1D-D158-4C02-B6FD-13E4AE72FB97}.Release|Any CPU.Build.0 = Release|Any CPU
		{817F20F6-D191-419E-8C74-68BA9AB41AFF}.Debug|Any CPU.ActiveCfg = Debug|Any CPU
		{817F20F6-D191-419E-8C74-68BA9AB41AFF}.Debug|Any CPU.Build.0 = Debug|Any CPU
		{817F20F6-D191-419E-8C74-68BA9AB41AFF}.Release|Any CPU.ActiveCfg = Release|Any CPU
		{817F20F6-D191-419E-8C74-68BA9AB41AFF}.Release|Any CPU.Build.0 = Release|Any CPU
		{4C8C85DE-35C8-4681-8190-04434ED3E351}.Debug|Any CPU.ActiveCfg = Debug|Any CPU
		{4C8C85DE-35C8-4681-8190-04434ED3E351}.Debug|Any CPU.Build.0 = Debug|Any CPU
		{4C8C85DE-35C8-4681-8190-04434ED3E351}.Release|Any CPU.ActiveCfg = Release|Any CPU
		{4C8C85DE-35C8-4681-8190-04434ED3E351}.Release|Any CPU.Build.0 = Release|Any CPU
	EndGlobalSection
	GlobalSection(SolutionProperties) = preSolution
		HideSolutionNode = FALSE
	EndGlobalSection
	GlobalSection(ExtensibilityGlobals) = postSolution
		SolutionGuid = {3F638346-4778-4F99-A135-B4B0D56B1563}
	EndGlobalSection
EndGlobal
